{
  "name": "mmcat-ui",
  "version": "1.0.1",
  "lockfileVersion": 3,
  "requires": true,
  "packages": {
    "": {
      "name": "mmcat-ui",
      "version": "1.0.1",
      "license": "MIT",
      "devDependencies": {
        "typescript": "^5.0.2",
        "vite": "^4.4.5",
        "vue": "^3.3.4",
        "vue-tsc": "^1.8.5"
      }
    },
    "../node_modules/.pnpm/vite@4.4.9/node_modules/vite": {
      "version": "4.4.9",
      "dev": true,
      "license": "MIT",
      "dependencies": {
        "esbuild": "^0.18.10",
        "postcss": "^8.4.27",
        "rollup": "^3.27.1"
      },
      "bin": {
        "vite": "bin/vite.js"
      },
      "devDependencies": {
        "@ampproject/remapping": "^2.2.1",
        "@babel/parser": "^7.22.7",
        "@babel/types": "^7.22.5",
        "@jridgewell/trace-mapping": "^0.3.18",
        "@rollup/plugin-alias": "^4.0.4",
        "@rollup/plugin-commonjs": "^25.0.3",
        "@rollup/plugin-dynamic-import-vars": "^2.0.4",
        "@rollup/plugin-json": "^6.0.0",
        "@rollup/plugin-node-resolve": "15.1.0",
        "@rollup/plugin-typescript": "^11.1.2",
        "@rollup/pluginutils": "^5.0.2",
        "@types/escape-html": "^1.0.2",
        "@types/pnpapi": "^0.0.2",
        "acorn": "^8.10.0",
        "acorn-walk": "^8.2.0",
        "cac": "^6.7.14",
        "chokidar": "^3.5.3",
        "connect": "^3.7.0",
        "connect-history-api-fallback": "^2.0.0",
        "convert-source-map": "^2.0.0",
        "cors": "^2.8.5",
        "cross-spawn": "^7.0.3",
        "debug": "^4.3.4",
        "dep-types": "link:./src/types",
        "dotenv": "^16.3.1",
        "dotenv-expand": "^9.0.0",
        "es-module-lexer": "^1.3.0",
        "escape-html": "^1.0.3",
        "estree-walker": "^3.0.3",
        "etag": "^1.8.1",
        "fast-glob": "^3.3.1",
        "http-proxy": "^1.18.1",
        "json-stable-stringify": "^1.0.2",
        "launch-editor-middleware": "^2.6.0",
        "lightningcss": "^1.21.5",
        "magic-string": "^0.30.2",
        "micromatch": "^4.0.5",
        "mlly": "^1.4.0",
        "mrmime": "^1.0.1",
        "okie": "^1.0.1",
        "open": "^8.4.2",
        "parse5": "^7.1.2",
        "periscopic": "^3.1.0",
        "picocolors": "^1.0.0",
        "picomatch": "^2.3.1",
        "postcss-import": "^15.1.0",
        "postcss-load-config": "^4.0.1",
        "postcss-modules": "^6.0.0",
        "resolve.exports": "^2.0.2",
        "rollup-plugin-license": "^3.0.1",
        "sirv": "^2.0.3",
        "source-map-support": "^0.5.21",
        "strip-ansi": "^7.1.0",
        "strip-literal": "^1.3.0",
        "tsconfck": "^2.1.2",
        "tslib": "^2.6.1",
        "types": "link:./types",
        "ufo": "^1.2.0",
        "ws": "^8.13.0"
      },
      "engines": {
        "node": "^14.18.0 || >=16.0.0"
      },
      "funding": {
        "url": "https://github.com/vitejs/vite?sponsor=1"
      },
      "optionalDependencies": {
        "fsevents": "~2.3.2"
      },
      "peerDependencies": {
        "@types/node": ">= 14",
        "less": "*",
        "lightningcss": "^1.21.0",
        "sass": "*",
        "stylus": "*",
        "sugarss": "*",
        "terser": "^5.4.0"
      },
      "peerDependenciesMeta": {
        "@types/node": {
          "optional": true
        },
        "less": {
          "optional": true
        },
        "lightningcss": {
          "optional": true
        },
        "sass": {
          "optional": true
        },
        "stylus": {
          "optional": true
        },
        "sugarss": {
          "optional": true
        },
        "terser": {
          "optional": true
        }
      }
    },
    "node_modules/@babel/parser": {
      "version": "7.22.16",
      "resolved": "https://registry.npmmirror.com/@babel/parser/-/parser-7.22.16.tgz",
      "integrity": "sha512-+gPfKv8UWeKKeJTUxe59+OobVcrYHETCsORl61EmSkmgymguYk/X5bp7GuUIXaFsc6y++v8ZxPsLSSuujqDphA==",
      "dev": true,
      "bin": {
        "parser": "bin/babel-parser.js"
      },
      "engines": {
        "node": ">=6.0.0"
      }
    },
    "node_modules/@jridgewell/sourcemap-codec": {
      "version": "1.4.15",
      "resolved": "https://registry.npmmirror.com/@jridgewell/sourcemap-codec/-/sourcemap-codec-1.4.15.tgz",
      "integrity": "sha512-eF2rxCRulEKXHTRiDrDy6erMYWqNw4LPdQ8UQA4huuxaQsVeRPFl2oM8oDGxMFhJUWZf9McpLtJasDDZb/Bpeg==",
      "dev": true
    },
    "node_modules/@volar/language-core": {
      "version": "1.10.1",
      "resolved": "https://registry.npmmirror.com/@volar/language-core/-/language-core-1.10.1.tgz",
      "integrity": "sha512-JnsM1mIPdfGPxmoOcK1c7HYAsL6YOv0TCJ4aW3AXPZN/Jb4R77epDyMZIVudSGjWMbvv/JfUa+rQ+dGKTmgwBA==",
      "dev": true,
      "dependencies": {
        "@volar/source-map": "1.10.1"
      }
    },
    "node_modules/@volar/source-map": {
      "version": "1.10.1",
      "resolved": "https://registry.npmmirror.com/@volar/source-map/-/source-map-1.10.1.tgz",
      "integrity": "sha512-3/S6KQbqa7pGC8CxPrg69qHLpOvkiPHGJtWPkI/1AXCsktkJ6gIk/5z4hyuMp8Anvs6eS/Kvp/GZa3ut3votKA==",
      "dev": true,
      "dependencies": {
        "muggle-string": "^0.3.1"
      }
    },
    "node_modules/@volar/typescript": {
      "version": "1.10.1",
      "resolved": "https://registry.npmmirror.com/@volar/typescript/-/typescript-1.10.1.tgz",
      "integrity": "sha512-+iiO9yUSRHIYjlteT+QcdRq8b44qH19/eiUZtjNtuh6D9ailYM7DVR0zO2sEgJlvCaunw/CF9Ov2KooQBpR4VQ==",
      "dev": true,
      "dependencies": {
        "@volar/language-core": "1.10.1"
      }
    },
    "node_modules/@vue/compiler-core": {
      "version": "3.3.4",
      "resolved": "https://registry.npmmirror.com/@vue/compiler-core/-/compiler-core-3.3.4.tgz",
      "integrity": "sha512-cquyDNvZ6jTbf/+x+AgM2Arrp6G4Dzbb0R64jiG804HRMfRiFXWI6kqUVqZ6ZR0bQhIoQjB4+2bhNtVwndW15g==",
      "dev": true,
      "dependencies": {
        "@babel/parser": "^7.21.3",
        "@vue/shared": "3.3.4",
        "estree-walker": "^2.0.2",
        "source-map-js": "^1.0.2"
      }
    },
    "node_modules/@vue/compiler-dom": {
      "version": "3.3.4",
      "resolved": "https://registry.npmmirror.com/@vue/compiler-dom/-/compiler-dom-3.3.4.tgz",
      "integrity": "sha512-wyM+OjOVpuUukIq6p5+nwHYtj9cFroz9cwkfmP9O1nzH68BenTTv0u7/ndggT8cIQlnBeOo6sUT/gvHcIkLA5w==",
      "dev": true,
      "dependencies": {
        "@vue/compiler-core": "3.3.4",
        "@vue/shared": "3.3.4"
      }
    },
    "node_modules/@vue/compiler-sfc": {
      "version": "3.3.4",
      "resolved": "https://registry.npmmirror.com/@vue/compiler-sfc/-/compiler-sfc-3.3.4.tgz",
      "integrity": "sha512-6y/d8uw+5TkCuzBkgLS0v3lSM3hJDntFEiUORM11pQ/hKvkhSKZrXW6i69UyXlJQisJxuUEJKAWEqWbWsLeNKQ==",
      "dev": true,
      "dependencies": {
        "@babel/parser": "^7.20.15",
        "@vue/compiler-core": "3.3.4",
        "@vue/compiler-dom": "3.3.4",
        "@vue/compiler-ssr": "3.3.4",
        "@vue/reactivity-transform": "3.3.4",
        "@vue/shared": "3.3.4",
        "estree-walker": "^2.0.2",
        "magic-string": "^0.30.0",
        "postcss": "^8.1.10",
        "source-map-js": "^1.0.2"
      }
    },
    "node_modules/@vue/compiler-ssr": {
      "version": "3.3.4",
      "resolved": "https://registry.npmmirror.com/@vue/compiler-ssr/-/compiler-ssr-3.3.4.tgz",
      "integrity": "sha512-m0v6oKpup2nMSehwA6Uuu+j+wEwcy7QmwMkVNVfrV9P2qE5KshC6RwOCq8fjGS/Eak/uNb8AaWekfiXxbBB6gQ==",
      "dev": true,
      "dependencies": {
        "@vue/compiler-dom": "3.3.4",
        "@vue/shared": "3.3.4"
      }
    },
    "node_modules/@vue/language-core": {
      "version": "1.8.10",
      "resolved": "https://registry.npmmirror.com/@vue/language-core/-/language-core-1.8.10.tgz",
      "integrity": "sha512-db8PtM4ZZr7SYNH30XpKxUYnUBYaTvcuJ4c2whKK04fuAjbtjAIZ2al5GzGEfUlesmvkpgdbiSviRXUxgD9Omw==",
      "dev": true,
      "dependencies": {
        "@volar/language-core": "~1.10.0",
        "@volar/source-map": "~1.10.0",
        "@vue/compiler-dom": "^3.3.0",
        "@vue/reactivity": "^3.3.0",
        "@vue/shared": "^3.3.0",
        "minimatch": "^9.0.0",
        "muggle-string": "^0.3.1",
        "vue-template-compiler": "^2.7.14"
      },
      "peerDependencies": {
        "typescript": "*"
      },
      "peerDependenciesMeta": {
        "typescript": {
          "optional": true
        }
      }
    },
    "node_modules/@vue/reactivity": {
      "version": "3.3.4",
      "resolved": "https://registry.npmmirror.com/@vue/reactivity/-/reactivity-3.3.4.tgz",
      "integrity": "sha512-kLTDLwd0B1jG08NBF3R5rqULtv/f8x3rOFByTDz4J53ttIQEDmALqKqXY0J+XQeN0aV2FBxY8nJDf88yvOPAqQ==",
      "dev": true,
      "dependencies": {
        "@vue/shared": "3.3.4"
      }
    },
    "node_modules/@vue/reactivity-transform": {
      "version": "3.3.4",
      "resolved": "https://registry.npmmirror.com/@vue/reactivity-transform/-/reactivity-transform-3.3.4.tgz",
      "integrity": "sha512-MXgwjako4nu5WFLAjpBnCj/ieqcjE2aJBINUNQzkZQfzIZA4xn+0fV1tIYBJvvva3N3OvKGofRLvQIwEQPpaXw==",
      "dev": true,
      "dependencies": {
        "@babel/parser": "^7.20.15",
        "@vue/compiler-core": "3.3.4",
        "@vue/shared": "3.3.4",
        "estree-walker": "^2.0.2",
        "magic-string": "^0.30.0"
      }
    },
    "node_modules/@vue/runtime-core": {
      "version": "3.3.4",
      "resolved": "https://registry.npmmirror.com/@vue/runtime-core/-/runtime-core-3.3.4.tgz",
      "integrity": "sha512-R+bqxMN6pWO7zGI4OMlmvePOdP2c93GsHFM/siJI7O2nxFRzj55pLwkpCedEY+bTMgp5miZ8CxfIZo3S+gFqvA==",
      "dev": true,
      "dependencies": {
        "@vue/reactivity": "3.3.4",
        "@vue/shared": "3.3.4"
      }
    },
    "node_modules/@vue/runtime-dom": {
      "version": "3.3.4",
      "resolved": "https://registry.npmmirror.com/@vue/runtime-dom/-/runtime-dom-3.3.4.tgz",
      "integrity": "sha512-Aj5bTJ3u5sFsUckRghsNjVTtxZQ1OyMWCr5dZRAPijF/0Vy4xEoRCwLyHXcj4D0UFbJ4lbx3gPTgg06K/GnPnQ==",
      "dev": true,
      "dependencies": {
        "@vue/runtime-core": "3.3.4",
        "@vue/shared": "3.3.4",
        "csstype": "^3.1.1"
      }
    },
    "node_modules/@vue/server-renderer": {
      "version": "3.3.4",
      "resolved": "https://registry.npmmirror.com/@vue/server-renderer/-/server-renderer-3.3.4.tgz",
      "integrity": "sha512-Q6jDDzR23ViIb67v+vM1Dqntu+HUexQcsWKhhQa4ARVzxOY2HbC7QRW/ggkDBd5BU+uM1sV6XOAP0b216o34JQ==",
      "dev": true,
      "dependencies": {
        "@vue/compiler-ssr": "3.3.4",
        "@vue/shared": "3.3.4"
      },
      "peerDependencies": {
        "vue": "3.3.4"
      }
    },
    "node_modules/@vue/shared": {
      "version": "3.3.4",
      "resolved": "https://registry.npmmirror.com/@vue/shared/-/shared-3.3.4.tgz",
      "integrity": "sha512-7OjdcV8vQ74eiz1TZLzZP4JwqM5fA94K6yntPS5Z25r9HDuGNzaGdgvwKYq6S+MxwF0TFRwe50fIR/MYnakdkQ==",
      "dev": true
    },
    "node_modules/@vue/typescript": {
      "version": "1.8.10",
      "resolved": "https://registry.npmmirror.com/@vue/typescript/-/typescript-1.8.10.tgz",
      "integrity": "sha512-vPSpTXMk4chYwvyTGjM891cKgnx2r6vtbdANOp2mRU31f4HYGyLrZBlGgiua7SaO2cLjUg8y91OipJe0t8OFhA==",
      "dev": true,
      "dependencies": {
        "@volar/typescript": "~1.10.0",
        "@vue/language-core": "1.8.10"
      }
    },
    "node_modules/balanced-match": {
      "version": "1.0.2",
      "resolved": "https://registry.npmmirror.com/balanced-match/-/balanced-match-1.0.2.tgz",
      "integrity": "sha512-3oSeUO0TMV67hN1AmbXsK4yaqU7tjiHlbxRDZOpH0KW9+CeX4bRAaX0Anxt0tx2MrpRpWwQaPwIlISEJhYU5Pw==",
      "dev": true
    },
    "node_modules/brace-expansion": {
      "version": "2.0.1",
      "resolved": "https://registry.npmmirror.com/brace-expansion/-/brace-expansion-2.0.1.tgz",
      "integrity": "sha512-XnAIvQ8eM+kC6aULx6wuQiwVsnzsi9d3WxzV3FpWTGA19F621kwdbsAcFKXgKUHZWsy+mY6iL1sHTxWEFCytDA==",
      "dev": true,
      "dependencies": {
        "balanced-match": "^1.0.0"
      }
    },
    "node_modules/csstype": {
      "version": "3.1.2",
      "resolved": "https://registry.npmmirror.com/csstype/-/csstype-3.1.2.tgz",
      "integrity": "sha512-I7K1Uu0MBPzaFKg4nI5Q7Vs2t+3gWWW648spaF+Rg7pI9ds18Ugn+lvg4SHczUdKlHI5LWBXyqfS8+DufyBsgQ==",
      "dev": true
    },
    "node_modules/de-indent": {
      "version": "1.0.2",
      "resolved": "https://registry.npmmirror.com/de-indent/-/de-indent-1.0.2.tgz",
      "integrity": "sha512-e/1zu3xH5MQryN2zdVaF0OrdNLUbvWxzMbi+iNA6Bky7l1RoP8a2fIbRocyHclXt/arDrrR6lL3TqFD9pMQTsg==",
      "dev": true
    },
    "node_modules/estree-walker": {
      "version": "2.0.2",
      "resolved": "https://registry.npmmirror.com/estree-walker/-/estree-walker-2.0.2.tgz",
      "integrity": "sha512-Rfkk/Mp/DL7JVje3u18FxFujQlTNR2q6QfMSMB7AvCBx91NGj/ba3kCfza0f6dVDbw7YlRf/nDrn7pQrCCyQ/w==",
      "dev": true
    },
    "node_modules/he": {
      "version": "1.2.0",
      "resolved": "https://registry.npmmirror.com/he/-/he-1.2.0.tgz",
      "integrity": "sha512-F/1DnUGPopORZi0ni+CvrCgHQ5FyEAHRLSApuYWMmrbSwoN2Mn/7k+Gl38gJnR7yyDZk6WLXwiGod1JOWNDKGw==",
      "dev": true,
      "bin": {
        "he": "bin/he"
      }
    },
    "node_modules/lru-cache": {
      "version": "6.0.0",
      "resolved": "https://registry.npmmirror.com/lru-cache/-/lru-cache-6.0.0.tgz",
      "integrity": "sha512-Jo6dJ04CmSjuznwJSS3pUeWmd/H0ffTlkXXgwZi+eq1UCmqQwCh+eLsYOYCwY991i2Fah4h1BEMCx4qThGbsiA==",
      "dev": true,
      "dependencies": {
        "yallist": "^4.0.0"
      },
      "engines": {
        "node": ">=10"
      }
    },
    "node_modules/magic-string": {
      "version": "0.30.3",
      "resolved": "https://registry.npmmirror.com/magic-string/-/magic-string-0.30.3.tgz",
      "integrity": "sha512-B7xGbll2fG/VjP+SWg4sX3JynwIU0mjoTc6MPpKNuIvftk6u6vqhDnk1R80b8C2GBR6ywqy+1DcKBrevBg+bmw==",
      "dev": true,
      "dependencies": {
        "@jridgewell/sourcemap-codec": "^1.4.15"
      },
      "engines": {
        "node": ">=12"
      }
    },
    "node_modules/minimatch": {
      "version": "9.0.3",
      "resolved": "https://registry.npmmirror.com/minimatch/-/minimatch-9.0.3.tgz",
      "integrity": "sha512-RHiac9mvaRw0x3AYRgDC1CxAP7HTcNrrECeA8YYJeWnpo+2Q5CegtZjaotWTWxDG3UeGA1coE05iH1mPjT/2mg==",
      "dev": true,
      "dependencies": {
        "brace-expansion": "^2.0.1"
      },
      "engines": {
        "node": ">=16 || 14 >=14.17"
      }
    },
    "node_modules/muggle-string": {
      "version": "0.3.1",
      "resolved": "https://registry.npmmirror.com/muggle-string/-/muggle-string-0.3.1.tgz",
      "integrity": "sha512-ckmWDJjphvd/FvZawgygcUeQCxzvohjFO5RxTjj4eq8kw359gFF3E1brjfI+viLMxss5JrHTDRHZvu2/tuy0Qg==",
      "dev": true
    },
    "node_modules/nanoid": {
      "version": "3.3.6",
      "resolved": "https://registry.npmmirror.com/nanoid/-/nanoid-3.3.6.tgz",
      "integrity": "sha512-BGcqMMJuToF7i1rt+2PWSNVnWIkGCU78jBG3RxO/bZlnZPK2Cmi2QaffxGO/2RvWi9sL+FAiRiXMgsyxQ1DIDA==",
      "dev": true,
      "bin": {
        "nanoid": "bin/nanoid.cjs"
      },
      "engines": {
        "node": "^10 || ^12 || ^13.7 || ^14 || >=15.0.1"
      }
    },
    "node_modules/picocolors": {
      "version": "1.0.0",
      "resolved": "https://registry.npmmirror.com/picocolors/-/picocolors-1.0.0.tgz",
      "integrity": "sha512-1fygroTLlHu66zi26VoTDv8yRgm0Fccecssto+MhsZ0D/DGW2sm8E8AjW7NU5VVTRt5GxbeZ5qBuJr+HyLYkjQ==",
      "dev": true
    },
    "node_modules/postcss": {
      "version": "8.4.29",
      "resolved": "https://registry.npmmirror.com/postcss/-/postcss-8.4.29.tgz",
      "integrity": "sha512-cbI+jaqIeu/VGqXEarWkRCCffhjgXc0qjBtXpqJhTBohMUjUQnbBr0xqX3vEKudc4iviTewcJo5ajcec5+wdJw==",
      "dev": true,
      "dependencies": {
        "nanoid": "^3.3.6",
        "picocolors": "^1.0.0",
        "source-map-js": "^1.0.2"
      },
      "engines": {
        "node": "^10 || ^12 || >=14"
      }
    },
    "node_modules/semver": {
      "version": "7.5.4",
      "resolved": "https://registry.npmmirror.com/semver/-/semver-7.5.4.tgz",
      "integrity": "sha512-1bCSESV6Pv+i21Hvpxp3Dx+pSD8lIPt8uVjRrxAUt/nbswYc+tK6Y2btiULjd4+fnq15PX+nqQDC7Oft7WkwcA==",
      "dev": true,
      "dependencies": {
        "lru-cache": "^6.0.0"
      },
      "bin": {
        "semver": "bin/semver.js"
      },
      "engines": {
        "node": ">=10"
      }
    },
    "node_modules/source-map-js": {
      "version": "1.0.2",
      "resolved": "https://registry.npmmirror.com/source-map-js/-/source-map-js-1.0.2.tgz",
      "integrity": "sha512-R0XvVJ9WusLiqTCEiGCmICCMplcCkIwwR11mOSD9CR5u+IXYdiseeEuXCVAjS54zqwkLcPNnmU4OeJ6tUrWhDw==",
      "dev": true,
      "engines": {
        "node": ">=0.10.0"
      }
    },
    "node_modules/typescript": {
      "version": "5.2.2",
      "resolved": "https://registry.npmmirror.com/typescript/-/typescript-5.2.2.tgz",
      "integrity": "sha512-mI4WrpHsbCIcwT9cF4FZvr80QUeKvsUsUvKDoR+X/7XHQH98xYD8YHZg7ANtz2GtZt/CBq2QJ0thkGJMHfqc1w==",
      "dev": true,
      "bin": {
        "tsc": "bin/tsc",
        "tsserver": "bin/tsserver"
      },
      "engines": {
        "node": ">=14.17"
      }
    },
    "node_modules/vite": {
      "resolved": "../node_modules/.pnpm/vite@4.4.9/node_modules/vite",
      "link": true
    },
    "node_modules/vue": {
      "version": "3.3.4",
      "resolved": "https://registry.npmmirror.com/vue/-/vue-3.3.4.tgz",
      "integrity": "sha512-VTyEYn3yvIeY1Py0WaYGZsXnz3y5UnGi62GjVEqvEGPl6nxbOrCXbVOTQWBEJUqAyTUk2uJ5JLVnYJ6ZzGbrSw==",
      "dev": true,
      "dependencies": {
        "@vue/compiler-dom": "3.3.4",
        "@vue/compiler-sfc": "3.3.4",
        "@vue/runtime-dom": "3.3.4",
        "@vue/server-renderer": "3.3.4",
        "@vue/shared": "3.3.4"
      }
    },
    "node_modules/vue-template-compiler": {
      "version": "2.7.14",
      "resolved": "https://registry.npmmirror.com/vue-template-compiler/-/vue-template-compiler-2.7.14.tgz",
      "integrity": "sha512-zyA5Y3ArvVG0NacJDkkzJuPQDF8RFeRlzV2vLeSnhSpieO6LK2OVbdLPi5MPPs09Ii+gMO8nY4S3iKQxBxDmWQ==",
      "dev": true,
      "dependencies": {
        "de-indent": "^1.0.2",
        "he": "^1.2.0"
      }
    },
    "node_modules/vue-tsc": {
      "version": "1.8.10",
      "resolved": "https://registry.npmmirror.com/vue-tsc/-/vue-tsc-1.8.10.tgz",
      "integrity": "sha512-ptpTFFDoHQgkWJF7i5iERxooiQzOGtG1uKTfmAUuS3qPuSQGq+Ky/S8BFHhnFGwoOxq/PjmGN2QSZEfg1rtzQA==",
      "dev": true,
      "dependencies": {
        "@vue/language-core": "1.8.10",
        "@vue/typescript": "1.8.10",
        "semver": "^7.3.8"
      },
      "bin": {
        "vue-tsc": "bin/vue-tsc.js"
      },
      "peerDependencies": {
        "typescript": "*"
      }
    },
    "node_modules/yallist": {
      "version": "4.0.0",
      "resolved": "https://registry.npmmirror.com/yallist/-/yallist-4.0.0.tgz",
      "integrity": "sha512-3wdGidZyq5PB084XLES5TpOSRA3wjXAlIWMhum2kRcv/41Sn2emQ0dycQW4uZXLejwKvg6EsvbdlVL+FYEct7A==",
      "dev": true
    }
  }
}
